
Microsoft Visual Studio Solution File, Format Version 12.00
# Visual Studio Version 16
VisualStudioVersion = 16.0.30503.244
MinimumVisualStudioVersion = 10.0.40219.1
Project("{FAE04EC0-301F-11D3-BF4B-00C04F79EFBC}") = "ProductManagement.Windows.UI", "ProductManagement.Windows.UI\ProductManagement.Windows.UI.csproj", "{A501DCDD-E7DA-4FB3-9116-33743F3F0F66}"
EndProject
Project("{2150E333-8FDC-42A3-9474-1A3956D46DE8}") = "Solution Items", "Solution Items", "{212F9C72-C918-4F18-9279-CEC55163BF5E}"
	ProjectSection(SolutionItems) = preProject
		Requirments.txt = Requirments.txt
	EndProjectSection
EndProject
Project("{FAE04EC0-301F-11D3-BF4B-00C04F79EFBC}") = "ProductManagement.Business", "ProductManagement.Business\ProductManagement.Business.csproj", "{EF2C555B-BF35-4596-9A3B-C2E4D100A342}"
EndProject
Global
	GlobalSection(SolutionConfigurationPlatforms) = preSolution
		Debug|Any CPU = Debug|Any CPU
		Release|Any CPU = Release|Any CPU
	EndGlobalSection
	GlobalSection(ProjectConfigurationPlatforms) = postSolution
		{A501DCDD-E7DA-4FB3-9116-33743F3F0F66}.Debug|Any CPU.ActiveCfg = Debug|Any CPU
		{A501DCDD-E7DA-4FB3-9116-33743F3F0F66}.Debug|Any CPU.Build.0 = Debug|Any CPU
		{A501DCDD-E7DA-4FB3-9116-33743F3F0F66}.Release|Any CPU.ActiveCfg = Release|Any CPU
		{A501DCDD-E7DA-4FB3-9116-33743F3F0F66}.Release|Any CPU.Build.0 = Release|Any CPU
		{EF2C555B-BF35-4596-9A3B-C2E4D100A342}.Debug|Any CPU.ActiveCfg = Debug|Any CPU
		{EF2C555B-BF35-4596-9A3B-C2E4D100A342}.Debug|Any CPU.Build.0 = Debug|Any CPU
		{EF2C555B-BF35-4596-9A3B-C2E4D100A342}.Release|Any CPU.ActiveCfg = Release|Any CPU
		{EF2C555B-BF35-4596-9A3B-C2E4D100A342}.Release|Any CPU.Build.0 = Release|Any CPU
	EndGlobalSection
	GlobalSection(SolutionProperties) = preSolution
		HideSolutionNode = FALSE
	EndGlobalSection
	GlobalSection(ExtensibilityGlobals) = postSolution
		SolutionGuid = {640AE91E-FE6E-4156-8831-3C6B2D588782}
	EndGlobalSection
EndGlobal
